
Microsoft Visual Studio Solution File, Format Version 12.00
# Visual Studio Version 16
VisualStudioVersion = 16.0.32630.194
MinimumVisualStudioVersion = 10.0.40219.1
Project("{FAE04EC0-301F-11D3-BF4B-00C04F79EFBC}") = "ShadowSpray", "ShadowSpray\ShadowSpray.csproj", "{7E47D586-DDC6-4382-848C-5CF0798084E1}"
EndProject
Global
	GlobalSection(SolutionConfigurationPlatforms) = preSolution
		Debug|Any CPU = Debug|Any CPU
		Release|Any CPU = Release|Any CPU
	EndGlobalSection
	GlobalSection(ProjectConfigurationPlatforms) = postSolution
		{7E47D586-DDC6-4382-848C-5CF0798084E1}.Debug|Any CPU.ActiveCfg = Debug|Any CPU
		{7E47D586-DDC6-4382-848C-5CF0798084E1}.Debug|Any CPU.Build.0 = Debug|Any CPU
		{7E47D586-DDC6-4382-848C-5CF0798084E1}.Release|Any CPU.ActiveCfg = Release|Any CPU
		{7E47D586-DDC6-4382-848C-5CF0798084E1}.Release|Any CPU.Build.0 = Release|Any CPU
	EndGlobalSection
	GlobalSection(SolutionProperties) = preSolution
		HideSolutionNode = FALSE
	EndGlobalSection
	GlobalSection(ExtensibilityGlobals) = postSolution
		SolutionGuid = {D44289CE-C631-4AB3-B85F-2245DAB4F5A3}
	EndGlobalSection
EndGlobal
